
Microsoft Visual Studio Solution File, Format Version 12.00
Project("{FAE04EC0-301F-11D3-BF4B-00C04F79EFBC}") = "WeatherWebApplication", "WeatherWebApplication\WeatherWebApplication.csproj", "{10E37C27-A654-4D2B-A172-80E2CA8B14BF}"
EndProject
Global
	GlobalSection(SolutionConfigurationPlatforms) = preSolution
		Debug|Any CPU = Debug|Any CPU
		Release|Any CPU = Release|Any CPU
	EndGlobalSection
	GlobalSection(ProjectConfigurationPlatforms) = postSolution
		{10E37C27-A654-4D2B-A172-80E2CA8B14BF}.Debug|Any CPU.ActiveCfg = Debug|Any CPU
		{10E37C27-A654-4D2B-A172-80E2CA8B14BF}.Debug|Any CPU.Build.0 = Debug|Any CPU
		{10E37C27-A654-4D2B-A172-80E2CA8B14BF}.Release|Any CPU.ActiveCfg = Release|Any CPU
		{10E37C27-A654-4D2B-A172-80E2CA8B14BF}.Release|Any CPU.Build.0 = Release|Any CPU
	EndGlobalSection
EndGlobal
